
Microsoft Visual Studio Solution File, Format Version 12.00
# Visual Studio 15
VisualStudioVersion = 15.0.27004.2009
MinimumVisualStudioVersion = 10.0.40219.1
Project("{FAE04EC0-301F-11D3-BF4B-00C04F79EFBC}") = "BuildingHomeApp", "ninth_homework\BuildingHomeApp.csproj", "{974F44E6-7488-4C45-B8F3-43CD3CCD3A2E}"
EndProject
Project("{FAE04EC0-301F-11D3-BF4B-00C04F79EFBC}") = "practical_work", "practical_work\practical_work.csproj", "{62CB1728-BAE0-4A93-ACA8-326AB4820752}"
EndProject
Project("{FAE04EC0-301F-11D3-BF4B-00C04F79EFBC}") = "HomeLib", "HomeLib\HomeLib.csproj", "{AD381C49-86FC-4C6F-9F0E-736F00D61697}"
EndProject
Global
	GlobalSection(SolutionConfigurationPlatforms) = preSolution
		Debug|Any CPU = Debug|Any CPU
		Release|Any CPU = Release|Any CPU
	EndGlobalSection
	GlobalSection(ProjectConfigurationPlatforms) = postSolution
		{974F44E6-7488-4C45-B8F3-43CD3CCD3A2E}.Debug|Any CPU.ActiveCfg = Debug|Any CPU
		{974F44E6-7488-4C45-B8F3-43CD3CCD3A2E}.Debug|Any CPU.Build.0 = Debug|Any CPU
		{974F44E6-7488-4C45-B8F3-43CD3CCD3A2E}.Release|Any CPU.ActiveCfg = Release|Any CPU
		{974F44E6-7488-4C45-B8F3-43CD3CCD3A2E}.Release|Any CPU.Build.0 = Release|Any CPU
		{62CB1728-BAE0-4A93-ACA8-326AB4820752}.Debug|Any CPU.ActiveCfg = Debug|Any CPU
		{62CB1728-BAE0-4A93-ACA8-326AB4820752}.Debug|Any CPU.Build.0 = Debug|Any CPU
		{62CB1728-BAE0-4A93-ACA8-326AB4820752}.Release|Any CPU.ActiveCfg = Release|Any CPU
		{62CB1728-BAE0-4A93-ACA8-326AB4820752}.Release|Any CPU.Build.0 = Release|Any CPU
		{AD381C49-86FC-4C6F-9F0E-736F00D61697}.Debug|Any CPU.ActiveCfg = Debug|Any CPU
		{AD381C49-86FC-4C6F-9F0E-736F00D61697}.Debug|Any CPU.Build.0 = Debug|Any CPU
		{AD381C49-86FC-4C6F-9F0E-736F00D61697}.Release|Any CPU.ActiveCfg = Release|Any CPU
		{AD381C49-86FC-4C6F-9F0E-736F00D61697}.Release|Any CPU.Build.0 = Release|Any CPU
	EndGlobalSection
	GlobalSection(SolutionProperties) = preSolution
		HideSolutionNode = FALSE
	EndGlobalSection
	GlobalSection(ExtensibilityGlobals) = postSolution
		SolutionGuid = {E0886E0B-2225-46DD-90D2-924997B9CC7B}
	EndGlobalSection
EndGlobal
